// !$*UTF8*$!
{
	archiveVersion = 1;
	classes = {
	};
	objectVersion = 50;
	objects = {

/* Begin PBXBuildFile section */
		C14AE70D22552FB7000CA424 /* AppDelegate.swift in Sources */ = {isa = PBXBuildFile; fileRef = C14AE70C22552FB7000CA424 /* AppDelegate.swift */; };
		C14AE70F22552FB7000CA424 /* MainViewController.swift in Sources */ = {isa = PBXBuildFile; fileRef = C14AE70E22552FB7000CA424 /* MainViewController.swift */; };
		C14AE71222552FB7000CA424 /* Main.storyboard in Resources */ = {isa = PBXBuildFile; fileRef = C14AE71022552FB7000CA424 /* Main.storyboard */; };
		C14AE71422552FB8000CA424 /* Assets.xcassets in Resources */ = {isa = PBXBuildFile; fileRef = C14AE71322552FB8000CA424 /* Assets.xcassets */; };
		C14AE71722552FB8000CA424 /* LaunchScreen.storyboard in Resources */ = {isa = PBXBuildFile; fileRef = C14AE71522552FB8000CA424 /* LaunchScreen.storyboard */; };
		C158B74F22553BE70069F225 /* BaseViewController.swift in Sources */ = {isa = PBXBuildFile; fileRef = C158B74E22553BE70069F225 /* BaseViewController.swift */; };
		C158B75222553C980069F225 /* PostTableViewCell.swift in Sources */ = {isa = PBXBuildFile; fileRef = C158B75122553C980069F225 /* PostTableViewCell.swift */; };
		C158B75422553CAA0069F225 /* PostTableViewCell.xib in Resources */ = {isa = PBXBuildFile; fileRef = C158B75322553CAA0069F225 /* PostTableViewCell.xib */; };
		C158B75822553CE90069F225 /* Post.swift in Sources */ = {isa = PBXBuildFile; fileRef = C158B75722553CE90069F225 /* Post.swift */; };
		C158B75B225554450069F225 /* UIImageView.swift in Sources */ = {isa = PBXBuildFile; fileRef = C158B75A225554450069F225 /* UIImageView.swift */; };
		C158B762225561880069F225 /* TimeInterval.swift in Sources */ = {isa = PBXBuildFile; fileRef = C158B761225561880069F225 /* TimeInterval.swift */; };
		C188CFB522565ED80044E26D /* AlertViewController.swift in Sources */ = {isa = PBXBuildFile; fileRef = C188CFB422565ED80044E26D /* AlertViewController.swift */; };
		C188CFB722566F0B0044E26D /* PostsResponse.swift in Sources */ = {isa = PBXBuildFile; fileRef = C188CFB622566F0B0044E26D /* PostsResponse.swift */; };
		C188CFBA225675AD0044E26D /* API.swift in Sources */ = {isa = PBXBuildFile; fileRef = C188CFB9225675AD0044E26D /* API.swift */; };
		C188CFBD225677FC0044E26D /* PostsManager.swift in Sources */ = {isa = PBXBuildFile; fileRef = C188CFBC225677FC0044E26D /* PostsManager.swift */; };
/* End PBXBuildFile section */

/* Begin PBXFileReference section */
		C14AE70922552FB7000CA424 /* topreddit.app */ = {isa = PBXFileReference; explicitFileType = wrapper.application; includeInIndex = 0; path = topreddit.app; sourceTree = BUILT_PRODUCTS_DIR; };
		C14AE70C22552FB7000CA424 /* AppDelegate.swift */ = {isa = PBXFileReference; lastKnownFileType = sourcecode.swift; path = AppDelegate.swift; sourceTree = "<group>"; };
		C14AE70E22552FB7000CA424 /* MainViewController.swift */ = {isa = PBXFileReference; lastKnownFileType = sourcecode.swift; path = MainViewController.swift; sourceTree = "<group>"; };
		C14AE71122552FB7000CA424 /* Base */ = {isa = PBXFileReference; lastKnownFileType = file.storyboard; name = Base; path = Base.lproj/Main.storyboard; sourceTree = "<group>"; };
		C14AE71322552FB8000CA424 /* Assets.xcassets */ = {isa = PBXFileReference; lastKnownFileType = folder.assetcatalog; path = Assets.xcassets; sourceTree = "<group>"; };
		C14AE71622552FB8000CA424 /* Base */ = {isa = PBXFileReference; lastKnownFileType = file.storyboard; name = Base; path = Base.lproj/LaunchScreen.storyboard; sourceTree = "<group>"; };
		C14AE71822552FB8000CA424 /* Info.plist */ = {isa = PBXFileReference; lastKnownFileType = text.plist.xml; path = Info.plist; sourceTree = "<group>"; };
		C158B74E22553BE70069F225 /* BaseViewController.swift */ = {isa = PBXFileReference; lastKnownFileType = sourcecode.swift; path = BaseViewController.swift; sourceTree = "<group>"; };
		C158B75122553C980069F225 /* PostTableViewCell.swift */ = {isa = PBXFileReference; lastKnownFileType = sourcecode.swift; path = PostTableViewCell.swift; sourceTree = "<group>"; };
		C158B75322553CAA0069F225 /* PostTableViewCell.xib */ = {isa = PBXFileReference; lastKnownFileType = file.xib; path = PostTableViewCell.xib; sourceTree = "<group>"; };
		C158B75722553CE90069F225 /* Post.swift */ = {isa = PBXFileReference; lastKnownFileType = sourcecode.swift; path = Post.swift; sourceTree = "<group>"; };
		C158B75A225554450069F225 /* UIImageView.swift */ = {isa = PBXFileReference; lastKnownFileType = sourcecode.swift; path = UIImageView.swift; sourceTree = "<group>"; };
		C158B761225561880069F225 /* TimeInterval.swift */ = {isa = PBXFileReference; lastKnownFileType = sourcecode.swift; path = TimeInterval.swift; sourceTree = "<group>"; };
		C188CFB422565ED80044E26D /* AlertViewController.swift */ = {isa = PBXFileReference; lastKnownFileType = sourcecode.swift; path = AlertViewController.swift; sourceTree = "<group>"; };
		C188CFB622566F0B0044E26D /* PostsResponse.swift */ = {isa = PBXFileReference; lastKnownFileType = sourcecode.swift; path = PostsResponse.swift; sourceTree = "<group>"; };
		C188CFB9225675AD0044E26D /* API.swift */ = {isa = PBXFileReference; lastKnownFileType = sourcecode.swift; path = API.swift; sourceTree = "<group>"; };
		C188CFBC225677FC0044E26D /* PostsManager.swift */ = {isa = PBXFileReference; lastKnownFileType = sourcecode.swift; path = PostsManager.swift; sourceTree = "<group>"; };
/* End PBXFileReference section */

/* Begin PBXFrameworksBuildPhase section */
		C14AE70622552FB7000CA424 /* Frameworks */ = {
			isa = PBXFrameworksBuildPhase;
			buildActionMask = 2147483647;
			files = (
			);
			runOnlyForDeploymentPostprocessing = 0;
		};
/* End PBXFrameworksBuildPhase section */

/* Begin PBXGroup section */
		C13A50D22255350E00AA67F3 /* Controllers */ = {
			isa = PBXGroup;
			children = (
				C13A50D32255351F00AA67F3 /* Main */,
			);
			path = Controllers;
			sourceTree = "<group>";
		};
		C13A50D32255351F00AA67F3 /* Main */ = {
			isa = PBXGroup;
			children = (
				C158B75022553C6F0069F225 /* Cells */,
				C14AE71022552FB7000CA424 /* Main.storyboard */,
				C14AE70E22552FB7000CA424 /* MainViewController.swift */,
			);
			path = Main;
			sourceTree = "<group>";
		};
		C14AE70022552FB6000CA424 = {
			isa = PBXGroup;
			children = (
				C14AE70B22552FB7000CA424 /* topreddit */,
				C14AE70A22552FB7000CA424 /* Products */,
			);
			sourceTree = "<group>";
		};
		C14AE70A22552FB7000CA424 /* Products */ = {
			isa = PBXGroup;
			children = (
				C14AE70922552FB7000CA424 /* topreddit.app */,
			);
			name = Products;
			sourceTree = "<group>";
		};
		C14AE70B22552FB7000CA424 /* topreddit */ = {
			isa = PBXGroup;
			children = (
				C158B74C22553BD10069F225 /* Common */,
				C13A50D22255350E00AA67F3 /* Controllers */,
				C14AE70C22552FB7000CA424 /* AppDelegate.swift */,
				C14AE71322552FB8000CA424 /* Assets.xcassets */,
				C14AE71522552FB8000CA424 /* LaunchScreen.storyboard */,
				C14AE71822552FB8000CA424 /* Info.plist */,
			);
			path = topreddit;
			sourceTree = "<group>";
		};
		C158B74C22553BD10069F225 /* Common */ = {
			isa = PBXGroup;
			children = (
				C158B75522553CCD0069F225 /* API */,
				C158B74D22553BD80069F225 /* Base */,
				C158B7592255542F0069F225 /* Extensions */,
			);
			path = Common;
			sourceTree = "<group>";
		};
		C158B74D22553BD80069F225 /* Base */ = {
			isa = PBXGroup;
			children = (
				C158B74E22553BE70069F225 /* BaseViewController.swift */,
				C188CFB422565ED80044E26D /* AlertViewController.swift */,
			);
			path = Base;
			sourceTree = "<group>";
		};
		C158B75022553C6F0069F225 /* Cells */ = {
			isa = PBXGroup;
			children = (
				C158B75322553CAA0069F225 /* PostTableViewCell.xib */,
				C158B75122553C980069F225 /* PostTableViewCell.swift */,
			);
			path = Cells;
			sourceTree = "<group>";
		};
		C158B75522553CCD0069F225 /* API */ = {
			isa = PBXGroup;
			children = (
				C158B75622553CD30069F225 /* Models */,
				C188CFBB225677EF0044E26D /* Managers */,
				C188CFB9225675AD0044E26D /* API.swift */,
			);
			path = API;
			sourceTree = "<group>";
		};
		C158B75622553CD30069F225 /* Models */ = {
			isa = PBXGroup;
			children = (
				C188CFB8225673E70044E26D /* Post */,
			);
			path = Models;
			sourceTree = "<group>";
		};
		C158B7592255542F0069F225 /* Extensions */ = {
			isa = PBXGroup;
			children = (
				C158B75A225554450069F225 /* UIImageView.swift */,
				C158B761225561880069F225 /* TimeInterval.swift */,
			);
			path = Extensions;
			sourceTree = "<group>";
		};
		C188CFB8225673E70044E26D /* Post */ = {
			isa = PBXGroup;
			children = (
				C188CFB622566F0B0044E26D /* PostsResponse.swift */,
				C158B75722553CE90069F225 /* Post.swift */,
			);
			path = Post;
			sourceTree = "<group>";
		};
		C188CFBB225677EF0044E26D /* Managers */ = {
			isa = PBXGroup;
			children = (
				C188CFBC225677FC0044E26D /* PostsManager.swift */,
			);
			path = Managers;
			sourceTree = "<group>";
		};
/* End PBXGroup section */

/* Begin PBXNativeTarget section */
		C14AE70822552FB7000CA424 /* topreddit */ = {
			isa = PBXNativeTarget;
			buildConfigurationList = C14AE71B22552FB8000CA424 /* Build configuration list for PBXNativeTarget "topreddit" */;
			buildPhases = (
				C14AE70522552FB7000CA424 /* Sources */,
				C14AE70622552FB7000CA424 /* Frameworks */,
				C14AE70722552FB7000CA424 /* Resources */,
			);
			buildRules = (
			);
			dependencies = (
			);
			name = topreddit;
			productName = topreddit;
			productReference = C14AE70922552FB7000CA424 /* topreddit.app */;
			productType = "com.apple.product-type.application";
		};
/* End PBXNativeTarget section */

/* Begin PBXProject section */
		C14AE70122552FB6000CA424 /* Project object */ = {
			isa = PBXProject;
			attributes = {
				LastSwiftUpdateCheck = 1020;
				LastUpgradeCheck = 1020;
				ORGANIZATIONNAME = Arthur;
				TargetAttributes = {
					C14AE70822552FB7000CA424 = {
						CreatedOnToolsVersion = 10.2;
					};
				};
			};
			buildConfigurationList = C14AE70422552FB6000CA424 /* Build configuration list for PBXProject "topreddit" */;
			compatibilityVersion = "Xcode 9.3";
			developmentRegion = en;
			hasScannedForEncodings = 0;
			knownRegions = (
				en,
				Base,
			);
			mainGroup = C14AE70022552FB6000CA424;
			productRefGroup = C14AE70A22552FB7000CA424 /* Products */;
			projectDirPath = "";
			projectRoot = "";
			targets = (
				C14AE70822552FB7000CA424 /* topreddit */,
			);
		};
/* End PBXProject section */

/* Begin PBXResourcesBuildPhase section */
		C14AE70722552FB7000CA424 /* Resources */ = {
			isa = PBXResourcesBuildPhase;
			buildActionMask = 2147483647;
			files = (
				C14AE71722552FB8000CA424 /* LaunchScreen.storyboard in Resources */,
				C14AE71422552FB8000CA424 /* Assets.xcassets in Resources */,
				C14AE71222552FB7000CA424 /* Main.storyboard in Resources */,
				C158B75422553CAA0069F225 /* PostTableViewCell.xib in Resources */,
			);
			runOnlyForDeploymentPostprocessing = 0;
		};
/* End PBXResourcesBuildPhase section */

/* Begin PBXSourcesBuildPhase section */
		C14AE70522552FB7000CA424 /* Sources */ = {
			isa = PBXSourcesBuildPhase;
			buildActionMask = 2147483647;
			files = (
				C14AE70F22552FB7000CA424 /* MainViewController.swift in Sources */,
				C14AE70D22552FB7000CA424 /* AppDelegate.swift in Sources */,
				C158B74F22553BE70069F225 /* BaseViewController.swift in Sources */,
				C188CFB522565ED80044E26D /* AlertViewController.swift in Sources */,
				C188CFBA225675AD0044E26D /* API.swift in Sources */,
				C188CFBD225677FC0044E26D /* PostsManager.swift in Sources */,
				C158B75222553C980069F225 /* PostTableViewCell.swift in Sources */,
				C158B75B225554450069F225 /* UIImageView.swift in Sources */,
				C188CFB722566F0B0044E26D /* PostsResponse.swift in Sources */,
				C158B75822553CE90069F225 /* Post.swift in Sources */,
				C158B762225561880069F225 /* TimeInterval.swift in Sources */,
			);
			runOnlyForDeploymentPostprocessing = 0;
		};
/* End PBXSourcesBuildPhase section */

/* Begin PBXVariantGroup section */
		C14AE71022552FB7000CA424 /* Main.storyboard */ = {
			isa = PBXVariantGroup;
			children = (
				C14AE71122552FB7000CA424 /* Base */,
			);
			name = Main.storyboard;
			sourceTree = "<group>";
		};
		C14AE71522552FB8000CA424 /* LaunchScreen.storyboard */ = {
			isa = PBXVariantGroup;
			children = (
				C14AE71622552FB8000CA424 /* Base */,
			);
			name = LaunchScreen.storyboard;
			sourceTree = "<group>";
		};
/* End PBXVariantGroup section */

/* Begin XCBuildConfiguration section */
		C14AE71922552FB8000CA424 /* Debug */ = {
			isa = XCBuildConfiguration;
			buildSettings = {
				ALWAYS_SEARCH_USER_PATHS = NO;
				CLANG_ANALYZER_NONNULL = YES;
				CLANG_ANALYZER_NUMBER_OBJECT_CONVERSION = YES_AGGRESSIVE;
				CLANG_CXX_LANGUAGE_STANDARD = "gnu++14";
				CLANG_CXX_LIBRARY = "libc++";
				CLANG_ENABLE_MODULES = YES;
				CLANG_ENABLE_OBJC_ARC = YES;
				CLANG_ENABLE_OBJC_WEAK = YES;
				CLANG_WARN_BLOCK_CAPTURE_AUTORELEASING = YES;
				CLANG_WARN_BOOL_CONVERSION = YES;
				CLANG_WARN_COMMA = YES;
				CLANG_WARN_CONSTANT_CONVERSION = YES;
				CLANG_WARN_DEPRECATED_OBJC_IMPLEMENTATIONS = YES;
				CLANG_WARN_DIRECT_OBJC_ISA_USAGE = YES_ERROR;
				CLANG_WARN_DOCUMENTATION_COMMENTS = YES;
				CLANG_WARN_EMPTY_BODY = YES;
				CLANG_WARN_ENUM_CONVERSION = YES;
				CLANG_WARN_INFINITE_RECURSION = YES;
				CLANG_WARN_INT_CONVERSION = YES;
				CLANG_WARN_NON_LITERAL_NULL_CONVERSION = YES;
				CLANG_WARN_OBJC_IMPLICIT_RETAIN_SELF = YES;
				CLANG_WARN_OBJC_LITERAL_CONVERSION = YES;
				CLANG_WARN_OBJC_ROOT_CLASS = YES_ERROR;
				CLANG_WARN_RANGE_LOOP_ANALYSIS = YES;
				CLANG_WARN_STRICT_PROTOTYPES = YES;
				CLANG_WARN_SUSPICIOUS_MOVE = YES;
				CLANG_WARN_UNGUARDED_AVAILABILITY = YES_AGGRESSIVE;
				CLANG_WARN_UNREACHABLE_CODE = YES;
				CLANG_WARN__DUPLICATE_METHOD_MATCH = YES;
				CODE_SIGN_IDENTITY = "iPhone Developer";
				COPY_PHASE_STRIP = NO;
				DEBUG_INFORMATION_FORMAT = dwarf;
				ENABLE_STRICT_OBJC_MSGSEND = YES;
				ENABLE_TESTABILITY = YES;
				GCC_C_LANGUAGE_STANDARD = gnu11;
				GCC_DYNAMIC_NO_PIC = NO;
				GCC_NO_COMMON_BLOCKS = YES;
				GCC_OPTIMIZATION_LEVEL = 0;
				GCC_PREPROCESSOR_DEFINITIONS = (
					"DEBUG=1",
					"$(inherited)",
				);
				GCC_WARN_64_TO_32_BIT_CONVERSION = YES;
				GCC_WARN_ABOUT_RETURN_TYPE = YES_ERROR;
				GCC_WARN_UNDECLARED_SELECTOR = YES;
				GCC_WARN_UNINITIALIZED_AUTOS = YES_AGGRESSIVE;
				GCC_WARN_UNUSED_FUNCTION = YES;
				GCC_WARN_UNUSED_VARIABLE = YES;
				IPHONEOS_DEPLOYMENT_TARGET = 12.2;
				MTL_ENABLE_DEBUG_INFO = INCLUDE_SOURCE;
				MTL_FAST_MATH = YES;
				ONLY_ACTIVE_ARCH = YES;
				SDKROOT = iphoneos;
				SWIFT_ACTIVE_COMPILATION_CONDITIONS = DEBUG;
				SWIFT_OPTIMIZATION_LEVEL = "-Onone";
			};
			name = Debug;
		};
		C14AE71A22552FB8000CA424 /* Release */ = {
			isa = XCBuildConfiguration;
			buildSettings = {
				ALWAYS_SEARCH_USER_PATHS = NO;
				CLANG_ANALYZER_NONNULL = YES;
				CLANG_ANALYZER_NUMBER_OBJECT_CONVERSION = YES_AGGRESSIVE;
				CLANG_CXX_LANGUAGE_STANDARD = "gnu++14";
				CLANG_CXX_LIBRARY = "libc++";
				CLANG_ENABLE_MODULES = YES;
				CLANG_ENABLE_OBJC_ARC = YES;
				CLANG_ENABLE_OBJC_WEAK = YES;
				CLANG_WARN_BLOCK_CAPTURE_AUTORELEASING = YES;
				CLANG_WARN_BOOL_CONVERSION = YES;
				CLANG_WARN_COMMA = YES;
				CLANG_WARN_CONSTANT_CONVERSION = YES;
				CLANG_WARN_DEPRECATED_OBJC_IMPLEMENTATIONS = YES;
				CLANG_WARN_DIRECT_OBJC_ISA_USAGE = YES_ERROR;
				CLANG_WARN_DOCUMENTATION_COMMENTS = YES;
				CLANG_WARN_EMPTY_BODY = YES;
				CLANG_WARN_ENUM_CONVERSION = YES;
				CLANG_WARN_INFINITE_RECURSION = YES;
				CLANG_WARN_INT_CONVERSION = YES;
				CLANG_WARN_NON_LITERAL_NULL_CONVERSION = YES;
				CLANG_WARN_OBJC_IMPLICIT_RETAIN_SELF = YES;
				CLANG_WARN_OBJC_LITERAL_CONVERSION = YES;
				CLANG_WARN_OBJC_ROOT_CLASS = YES_ERROR;
				CLANG_WARN_RANGE_LOOP_ANALYSIS = YES;
				CLANG_WARN_STRICT_PROTOTYPES = YES;
				CLANG_WARN_SUSPICIOUS_MOVE = YES;
				CLANG_WARN_UNGUARDED_AVAILABILITY = YES_AGGRESSIVE;
				CLANG_WARN_UNREACHABLE_CODE = YES;
				CLANG_WARN__DUPLICATE_METHOD_MATCH = YES;
				CODE_SIGN_IDENTITY = "iPhone Developer";
				COPY_PHASE_STRIP = NO;
				DEBUG_INFORMATION_FORMAT = "dwarf-with-dsym";
				ENABLE_NS_ASSERTIONS = NO;
				ENABLE_STRICT_OBJC_MSGSEND = YES;
				GCC_C_LANGUAGE_STANDARD = gnu11;
				GCC_NO_COMMON_BLOCKS = YES;
				GCC_WARN_64_TO_32_BIT_CONVERSION = YES;
				GCC_WARN_ABOUT_RETURN_TYPE = YES_ERROR;
				GCC_WARN_UNDECLARED_SELECTOR = YES;
				GCC_WARN_UNINITIALIZED_AUTOS = YES_AGGRESSIVE;
				GCC_WARN_UNUSED_FUNCTION = YES;
				GCC_WARN_UNUSED_VARIABLE = YES;
				IPHONEOS_DEPLOYMENT_TARGET = 12.2;
				MTL_ENABLE_DEBUG_INFO = NO;
				MTL_FAST_MATH = YES;
				SDKROOT = iphoneos;
				SWIFT_COMPILATION_MODE = wholemodule;
				SWIFT_OPTIMIZATION_LEVEL = "-O";
				VALIDATE_PRODUCT = YES;
			};
			name = Release;
		};
		C14AE71C22552FB8000CA424 /* Debug */ = {
			isa = XCBuildConfiguration;
			buildSettings = {
				ASSETCATALOG_COMPILER_APPICON_NAME = AppIcon;
				CODE_SIGN_STYLE = Automatic;
				DEVELOPMENT_TEAM = E2MT9PQYP7;
				INFOPLIST_FILE = topreddit/Info.plist;
				IPHONEOS_DEPLOYMENT_TARGET = 10.0;
				LD_RUNPATH_SEARCH_PATHS = (
					"$(inherited)",
					"@executable_path/Frameworks",
				);
				PRODUCT_BUNDLE_IDENTIFIER = arthur.topreddit;
				PRODUCT_NAME = "$(TARGET_NAME)";
				SWIFT_VERSION = 5.0;
				TARGETED_DEVICE_FAMILY = 1;
			};
			name = Debug;
		};
		C14AE71D22552FB8000CA424 /* Release */ = {
			isa = XCBuildConfiguration;
			buildSettings = {
				ASSETCATALOG_COMPILER_APPICON_NAME = AppIcon;
				CODE_SIGN_STYLE = Automatic;
				DEVELOPMENT_TEAM = E2MT9PQYP7;
				INFOPLIST_FILE = topreddit/Info.plist;
				IPHONEOS_DEPLOYMENT_TARGET = 10.0;
				LD_RUNPATH_SEARCH_PATHS = (
					"$(inherited)",
					"@executable_path/Frameworks",
				);
				PRODUCT_BUNDLE_IDENTIFIER = arthur.topreddit;
				PRODUCT_NAME = "$(TARGET_NAME)";
				SWIFT_VERSION = 5.0;
				TARGETED_DEVICE_FAMILY = 1;
			};
			name = Release;
		};
/* End XCBuildConfiguration section */

/* Begin XCConfigurationList section */
		C14AE70422552FB6000CA424 /* Build configuration list for PBXProject "topreddit" */ = {
			isa = XCConfigurationList;
			buildConfigurations = (
				C14AE71922552FB8000CA424 /* Debug */,
				C14AE71A22552FB8000CA424 /* Release */,
			);
			defaultConfigurationIsVisible = 0;
			defaultConfigurationName = Release;
		};
		C14AE71B22552FB8000CA424 /* Build configuration list for PBXNativeTarget "topreddit" */ = {
			isa = XCConfigurationList;
			buildConfigurations = (
				C14AE71C22552FB8000CA424 /* Debug */,
				C14AE71D22552FB8000CA424 /* Release */,
			);
			defaultConfigurationIsVisible = 0;
			defaultConfigurationName = Release;
		};
/* End XCConfigurationList section */
	};
	rootObject = C14AE70122552FB6000CA424 /* Project object */;
}
